
Microsoft Visual Studio Solution File, Format Version 12.00
# Visual Studio Version 17
VisualStudioVersion = 17.7.34031.279
MinimumVisualStudioVersion = 10.0.40219.1
Project("{FAE04EC0-301F-11D3-BF4B-00C04F79EFBC}") = "classessssss", "classessssss\classessssss.csproj", "{AEA700AB-F4BF-4BCE-A630-1D6AA5E995BF}"
EndProject
Global
	GlobalSection(SolutionConfigurationPlatforms) = preSolution
		Debug|Any CPU = Debug|Any CPU
		Release|Any CPU = Release|Any CPU
	EndGlobalSection
	GlobalSection(ProjectConfigurationPlatforms) = postSolution
		{AEA700AB-F4BF-4BCE-A630-1D6AA5E995BF}.Debug|Any CPU.ActiveCfg = Debug|Any CPU
		{AEA700AB-F4BF-4BCE-A630-1D6AA5E995BF}.Debug|Any CPU.Build.0 = Debug|Any CPU
		{AEA700AB-F4BF-4BCE-A630-1D6AA5E995BF}.Release|Any CPU.ActiveCfg = Release|Any CPU
		{AEA700AB-F4BF-4BCE-A630-1D6AA5E995BF}.Release|Any CPU.Build.0 = Release|Any CPU
	EndGlobalSection
	GlobalSection(SolutionProperties) = preSolution
		HideSolutionNode = FALSE
	EndGlobalSection
	GlobalSection(ExtensibilityGlobals) = postSolution
		SolutionGuid = {87953B5A-7E34-40F9-9126-7CB423779BD5}
	EndGlobalSection
EndGlobal
